
Microsoft Visual Studio Solution File, Format Version 12.00
Project("{FAE04EC0-301F-11D3-BF4B-00C04F79EFBC}") = "Pixelis", "Pixelis\Pixelis.csproj", "{E7B58EB8-0302-45B9-B722-CFF1B0DE72B0}"
EndProject
Project("{FAE04EC0-301F-11D3-BF4B-00C04F79EFBC}") = "Sparkle", "Sparkle\src\Sparkle\Sparkle.csproj", "{7ABBB9C5-A8A8-418B-9146-48F0FEB310EA}"
EndProject
Project("{FAE04EC0-301F-11D3-BF4B-00C04F79EFBC}") = "Pixelis.Server", "Pixelis.Server\Pixelis.Server.csproj", "{517864EB-E211-4AC8-A314-8C40BA7A6BFD}"
EndProject
Global
	GlobalSection(SolutionConfigurationPlatforms) = preSolution
		Debug|Any CPU = Debug|Any CPU
		Debug|x64 = Debug|x64
		Debug|x86 = Debug|x86
		Release|Any CPU = Release|Any CPU
		Release|x64 = Release|x64
		Release|x86 = Release|x86
	EndGlobalSection
	GlobalSection(ProjectConfigurationPlatforms) = postSolution
		{E7B58EB8-0302-45B9-B722-CFF1B0DE72B0}.Debug|Any CPU.ActiveCfg = Debug|Any CPU
		{E7B58EB8-0302-45B9-B722-CFF1B0DE72B0}.Debug|Any CPU.Build.0 = Debug|Any CPU
		{E7B58EB8-0302-45B9-B722-CFF1B0DE72B0}.Debug|x64.ActiveCfg = Debug|Any CPU
		{E7B58EB8-0302-45B9-B722-CFF1B0DE72B0}.Debug|x64.Build.0 = Debug|Any CPU
		{E7B58EB8-0302-45B9-B722-CFF1B0DE72B0}.Debug|x86.ActiveCfg = Debug|Any CPU
		{E7B58EB8-0302-45B9-B722-CFF1B0DE72B0}.Debug|x86.Build.0 = Debug|Any CPU
		{E7B58EB8-0302-45B9-B722-CFF1B0DE72B0}.Release|Any CPU.ActiveCfg = Release|Any CPU
		{E7B58EB8-0302-45B9-B722-CFF1B0DE72B0}.Release|Any CPU.Build.0 = Release|Any CPU
		{E7B58EB8-0302-45B9-B722-CFF1B0DE72B0}.Release|x64.ActiveCfg = Release|Any CPU
		{E7B58EB8-0302-45B9-B722-CFF1B0DE72B0}.Release|x64.Build.0 = Release|Any CPU
		{E7B58EB8-0302-45B9-B722-CFF1B0DE72B0}.Release|x86.ActiveCfg = Release|Any CPU
		{E7B58EB8-0302-45B9-B722-CFF1B0DE72B0}.Release|x86.Build.0 = Release|Any CPU
		{7ABBB9C5-A8A8-418B-9146-48F0FEB310EA}.Debug|Any CPU.ActiveCfg = Debug|Any CPU
		{7ABBB9C5-A8A8-418B-9146-48F0FEB310EA}.Debug|Any CPU.Build.0 = Debug|Any CPU
		{7ABBB9C5-A8A8-418B-9146-48F0FEB310EA}.Debug|x64.ActiveCfg = Debug|Any CPU
		{7ABBB9C5-A8A8-418B-9146-48F0FEB310EA}.Debug|x64.Build.0 = Debug|Any CPU
		{7ABBB9C5-A8A8-418B-9146-48F0FEB310EA}.Debug|x86.ActiveCfg = Debug|Any CPU
		{7ABBB9C5-A8A8-418B-9146-48F0FEB310EA}.Debug|x86.Build.0 = Debug|Any CPU
		{7ABBB9C5-A8A8-418B-9146-48F0FEB310EA}.Release|Any CPU.ActiveCfg = Release|Any CPU
		{7ABBB9C5-A8A8-418B-9146-48F0FEB310EA}.Release|Any CPU.Build.0 = Release|Any CPU
		{7ABBB9C5-A8A8-418B-9146-48F0FEB310EA}.Release|x64.ActiveCfg = Release|Any CPU
		{7ABBB9C5-A8A8-418B-9146-48F0FEB310EA}.Release|x64.Build.0 = Release|Any CPU
		{7ABBB9C5-A8A8-418B-9146-48F0FEB310EA}.Release|x86.ActiveCfg = Release|Any CPU
		{7ABBB9C5-A8A8-418B-9146-48F0FEB310EA}.Release|x86.Build.0 = Release|Any CPU
		{517864EB-E211-4AC8-A314-8C40BA7A6BFD}.Debug|Any CPU.ActiveCfg = Debug|Any CPU
		{517864EB-E211-4AC8-A314-8C40BA7A6BFD}.Debug|Any CPU.Build.0 = Debug|Any CPU
		{517864EB-E211-4AC8-A314-8C40BA7A6BFD}.Debug|x64.ActiveCfg = Debug|Any CPU
		{517864EB-E211-4AC8-A314-8C40BA7A6BFD}.Debug|x64.Build.0 = Debug|Any CPU
		{517864EB-E211-4AC8-A314-8C40BA7A6BFD}.Debug|x86.ActiveCfg = Debug|Any CPU
		{517864EB-E211-4AC8-A314-8C40BA7A6BFD}.Debug|x86.Build.0 = Debug|Any CPU
		{517864EB-E211-4AC8-A314-8C40BA7A6BFD}.Release|Any CPU.ActiveCfg = Release|Any CPU
		{517864EB-E211-4AC8-A314-8C40BA7A6BFD}.Release|Any CPU.Build.0 = Release|Any CPU
		{517864EB-E211-4AC8-A314-8C40BA7A6BFD}.Release|x64.ActiveCfg = Release|Any CPU
		{517864EB-E211-4AC8-A314-8C40BA7A6BFD}.Release|x64.Build.0 = Release|Any CPU
		{517864EB-E211-4AC8-A314-8C40BA7A6BFD}.Release|x86.ActiveCfg = Release|Any CPU
		{517864EB-E211-4AC8-A314-8C40BA7A6BFD}.Release|x86.Build.0 = Release|Any CPU
	EndGlobalSection
	GlobalSection(SolutionProperties) = preSolution
		HideSolutionNode = FALSE
	EndGlobalSection
EndGlobal
